
Microsoft Visual Studio Solution File, Format Version 12.00
# Visual Studio Version 16
VisualStudioVersion = 16.0.34301.259
MinimumVisualStudioVersion = 10.0.40219.1
Project("{F184B08F-C81C-45F6-A57F-5ABD9991F28F}") = "Project2_JW", "Project2_JW\Project2_JW.vbproj", "{AE4E294D-33A1-4016-A8E7-6077CEC70054}"
EndProject
Global
	GlobalSection(SolutionConfigurationPlatforms) = preSolution
		Debug|Any CPU = Debug|Any CPU
		Release|Any CPU = Release|Any CPU
	EndGlobalSection
	GlobalSection(ProjectConfigurationPlatforms) = postSolution
		{AE4E294D-33A1-4016-A8E7-6077CEC70054}.Debug|Any CPU.ActiveCfg = Debug|Any CPU
		{AE4E294D-33A1-4016-A8E7-6077CEC70054}.Debug|Any CPU.Build.0 = Debug|Any CPU
		{AE4E294D-33A1-4016-A8E7-6077CEC70054}.Release|Any CPU.ActiveCfg = Release|Any CPU
		{AE4E294D-33A1-4016-A8E7-6077CEC70054}.Release|Any CPU.Build.0 = Release|Any CPU
	EndGlobalSection
	GlobalSection(SolutionProperties) = preSolution
		HideSolutionNode = FALSE
	EndGlobalSection
	GlobalSection(ExtensibilityGlobals) = postSolution
		SolutionGuid = {3189CCBD-6D84-40EB-B856-782D974B7AB0}
	EndGlobalSection
EndGlobal
